// !$*UTF8*$!
{
	archiveVersion = 1;
	classes = {
	};
	objectVersion = 77;
	objects = {

/* Begin PBXBuildFile section */
		B8408FAB3019CA6B0014B896 /* Player.swift in Sources */ = {isa = PBXBuildFile; fileRef = B8408FA23019CA6B0014B896 /* Player.swift */; };
		B8408FAC3019CA6B0014B896 /* Season.swift in Sources */ = {isa = PBXBuildFile; fileRef = B8408FA43019CA6B0014B896 /* Season.swift */; };
		B8408FAD3019CA6B0014B896 /* Bundle-Decodable.swift in Sources */ = {isa = PBXBuildFile; fileRef = B8408F9F3019CA6B0014B896 /* Bundle-Decodable.swift */; };
		B8408FAE3019CA6B0014B896 /* ContentView.swift in Sources */ = {isa = PBXBuildFile; fileRef = B8408FA13019CA6B0014B896 /* ContentView.swift */; };
		B8408FAF3019CA6B0014B896 /* USC_Football_TrackerApp.swift in Sources */ = {isa = PBXBuildFile; fileRef = B8408FA83019CA6B0014B896 /* USC_Football_TrackerApp.swift */; };
		B8408FB03019CA6B0014B896 /* SeasonView.swift in Sources */ = {isa = PBXBuildFile; fileRef = B8408FA63019CA6B0014B896 /* SeasonView.swift */; };
		B8408FB13019CA6B0014B896 /* Theme-Colors.swift in Sources */ = {isa = PBXBuildFile; fileRef = B8408FA73019CA6B0014B896 /* Theme-Colors.swift */; };
		B8408FB53019CA6B0014B896 /* Assets.xcassets in Resources */ = {isa = PBXBuildFile; fileRef = B8408F9E3019CA6B0014B896 /* Assets.xcassets */; };
		B8408FBB301AE64D0014B896 /* AccoladesView.swift in Sources */ = {isa = PBXBuildFile; fileRef = B8408FBA301AE6490014B896 /* AccoladesView.swift */; };
		B8408FBE301AE8910014B896 /* AccoladeCategory.swift in Sources */ = {isa = PBXBuildFile; fileRef = B8408FBD301AE88A0014B896 /* AccoladeCategory.swift */; };
		B8408FC0301AE8F20014B896 /* AccoladeCard.swift in Sources */ = {isa = PBXBuildFile; fileRef = B8408FBF301AE8E90014B896 /* AccoladeCard.swift */; };
		B8408FC2301AE9DC0014B896 /* AccoladeData.swift in Sources */ = {isa = PBXBuildFile; fileRef = B8408FC1301AE9DC0014B896 /* AccoladeData.swift */; };
		B8408FC4301AEA0C0014B896 /* AccoladeDetailView.swift in Sources */ = {isa = PBXBuildFile; fileRef = B8408FC3301AEA060014B896 /* AccoladeDetailView.swift */; };
		B8408FCB301C1BD60014B896 /* AboutTopic.swift in Sources */ = {isa = PBXBuildFile; fileRef = B8408FCA301C1BCC0014B896 /* AboutTopic.swift */; };
		B8408FCD301C1C640014B896 /* AboutFlipCard.swift in Sources */ = {isa = PBXBuildFile; fileRef = B8408FCC301C1C640014B896 /* AboutFlipCard.swift */; };
		B8408FCF301C201E0014B896 /* AboutData.swift in Sources */ = {isa = PBXBuildFile; fileRef = B8408FCE301C201A0014B896 /* AboutData.swift */; };
		B8408FD1301C24450014B896 /* AboutView.swift in Sources */ = {isa = PBXBuildFile; fileRef = B8408FD0301C243E0014B896 /* AboutView.swift */; };
		B8408FD5301C788A0014B896 /* PredictorView.swift in Sources */ = {isa = PBXBuildFile; fileRef = B8408FD4301C788A0014B896 /* PredictorView.swift */; };
		B8408FD7301D8DC50014B896 /* USC Season Predictor.mlproj in Resources */ = {isa = PBXBuildFile; fileRef = B8408FD6301D8DC50014B896 /* USC Season Predictor.mlproj */; };
		B8408FE0302170DA0014B896 /* fetch_usc_history_8_usage_2021.py in Resources */ = {isa = PBXBuildFile; fileRef = B8408FDF302170DA0014B896 /* fetch_usc_history_8_usage_2021.py */; };
		B8408FE230229BF50014B896 /* USC Season Predictor V2.mlmodel in Sources */ = {isa = PBXBuildFile; fileRef = B8408FE130229BF50014B896 /* USC Season Predictor V2.mlmodel */; };
		B8408FE43022B44B0014B896 /* team_ratings.json in Resources */ = {isa = PBXBuildFile; fileRef = B8408FE33022B44B0014B896 /* team_ratings.json */; };
		B8408FE63022D85A0014B896 /* build_predictor_dataset.py in Resources */ = {isa = PBXBuildFile; fileRef = B8408FE53022D85A0014B896 /* build_predictor_dataset.py */; };
		B840B496305738AB00D01B38 /* LandingView.swift in Sources */ = {isa = PBXBuildFile; fileRef = B840B495305738A600D01B38 /* LandingView.swift */; };
		B840B49D30575CDA00D01B38 /* seasons.json in Resources */ = {isa = PBXBuildFile; fileRef = B840B49C30575CDA00D01B38 /* seasons.json */; };
		B840B49E30575CDA00D01B38 /* players.json in Resources */ = {isa = PBXBuildFile; fileRef = B840B49B30575CDA00D01B38 /* players.json */; };
		B840B4A23058F5E800D01B38 /* LiveSeasonService.swift in Sources */ = {isa = PBXBuildFile; fileRef = B840B4A13058F5E800D01B38 /* LiveSeasonService.swift */; };
/* End PBXBuildFile section */

/* Begin PBXFileReference section */
		B8408F73301346790014B896 /* USC Football Tracker.app */ = {isa = PBXFileReference; explicitFileType = wrapper.application; includeInIndex = 0; path = "USC Football Tracker.app"; sourceTree = BUILT_PRODUCTS_DIR; };
		B8408F9E3019CA6B0014B896 /* Assets.xcassets */ = {isa = PBXFileReference; lastKnownFileType = folder.assetcatalog; path = Assets.xcassets; sourceTree = "<group>"; };
		B8408F9F3019CA6B0014B896 /* Bundle-Decodable.swift */ = {isa = PBXFileReference; lastKnownFileType = sourcecode.swift; path = "Bundle-Decodable.swift"; sourceTree = "<group>"; };
		B8408FA13019CA6B0014B896 /* ContentView.swift */ = {isa = PBXFileReference; lastKnownFileType = sourcecode.swift; path = ContentView.swift; sourceTree = "<group>"; };
		B8408FA23019CA6B0014B896 /* Player.swift */ = {isa = PBXFileReference; lastKnownFileType = sourcecode.swift; path = Player.swift; sourceTree = "<group>"; };
		B8408FA43019CA6B0014B896 /* Season.swift */ = {isa = PBXFileReference; lastKnownFileType = sourcecode.swift; path = Season.swift; sourceTree = "<group>"; };
		B8408FA63019CA6B0014B896 /* SeasonView.swift */ = {isa = PBXFileReference; lastKnownFileType = sourcecode.swift; path = SeasonView.swift; sourceTree = "<group>"; };
		B8408FA73019CA6B0014B896 /* Theme-Colors.swift */ = {isa = PBXFileReference; lastKnownFileType = sourcecode.swift; path = "Theme-Colors.swift"; sourceTree = "<group>"; };
		B8408FA83019CA6B0014B896 /* USC_Football_TrackerApp.swift */ = {isa = PBXFileReference; lastKnownFileType = sourcecode.swift; path = USC_Football_TrackerApp.swift; sourceTree = "<group>"; };
		B8408FBA301AE6490014B896 /* AccoladesView.swift */ = {isa = PBXFileReference; lastKnownFileType = sourcecode.swift; path = AccoladesView.swift; sourceTree = "<group>"; };
		B8408FBD301AE88A0014B896 /* AccoladeCategory.swift */ = {isa = PBXFileReference; lastKnownFileType = sourcecode.swift; path = AccoladeCategory.swift; sourceTree = "<group>"; };
		B8408FBF301AE8E90014B896 /* AccoladeCard.swift */ = {isa = PBXFileReference; lastKnownFileType = sourcecode.swift; path = AccoladeCard.swift; sourceTree = "<group>"; };
		B8408FC1301AE9DC0014B896 /* AccoladeData.swift */ = {isa = PBXFileReference; lastKnownFileType = sourcecode.swift; path = AccoladeData.swift; sourceTree = "<group>"; };
		B8408FC3301AEA060014B896 /* AccoladeDetailView.swift */ = {isa = PBXFileReference; lastKnownFileType = sourcecode.swift; path = AccoladeDetailView.swift; sourceTree = "<group>"; };
		B8408FCA301C1BCC0014B896 /* AboutTopic.swift */ = {isa = PBXFileReference; lastKnownFileType = sourcecode.swift; path = AboutTopic.swift; sourceTree = "<group>"; };
		B8408FCC301C1C640014B896 /* AboutFlipCard.swift */ = {isa = PBXFileReference; lastKnownFileType = sourcecode.swift; path = AboutFlipCard.swift; sourceTree = "<group>"; };
		B8408FCE301C201A0014B896 /* AboutData.swift */ = {isa = PBXFileReference; lastKnownFileType = sourcecode.swift; path = AboutData.swift; sourceTree = "<group>"; };
		B8408FD0301C243E0014B896 /* AboutView.swift */ = {isa = PBXFileReference; lastKnownFileType = sourcecode.swift; path = AboutView.swift; sourceTree = "<group>"; };
		B8408FD4301C788A0014B896 /* PredictorView.swift */ = {isa = PBXFileReference; lastKnownFileType = sourcecode.swift; path = PredictorView.swift; sourceTree = "<group>"; };
		B8408FD6301D8DC50014B896 /* USC Season Predictor.mlproj */ = {isa = PBXFileReference; lastKnownFileType = wrapper; path = "USC Season Predictor.mlproj"; sourceTree = "<group>"; };
		B8408FDF302170DA0014B896 /* fetch_usc_history_8_usage_2021.py */ = {isa = PBXFileReference; lastKnownFileType = text.script.python; path = fetch_usc_history_8_usage_2021.py; sourceTree = "<group>"; };
		B8408FE130229BF50014B896 /* USC Season Predictor V2.mlmodel */ = {isa = PBXFileReference; lastKnownFileType = file.mlmodel; path = "USC Season Predictor V2.mlmodel"; sourceTree = "<group>"; };
		B8408FE33022B44B0014B896 /* team_ratings.json */ = {isa = PBXFileReference; lastKnownFileType = text.json; path = team_ratings.json; sourceTree = "<group>"; };
		B8408FE53022D85A0014B896 /* build_predictor_dataset.py */ = {isa = PBXFileReference; lastKnownFileType = text.script.python; path = build_predictor_dataset.py; sourceTree = "<group>"; };
		B840B495305738A600D01B38 /* LandingView.swift */ = {isa = PBXFileReference; lastKnownFileType = sourcecode.swift; path = LandingView.swift; sourceTree = "<group>"; };
		B840B49B30575CDA00D01B38 /* players.json */ = {isa = PBXFileReference; lastKnownFileType = text.json; path = players.json; sourceTree = "<group>"; };
		B840B49C30575CDA00D01B38 /* seasons.json */ = {isa = PBXFileReference; lastKnownFileType = text.json; path = seasons.json; sourceTree = "<group>"; };
		B840B4A13058F5E800D01B38 /* LiveSeasonService.swift */ = {isa = PBXFileReference; lastKnownFileType = sourcecode.swift; path = LiveSeasonService.swift; sourceTree = "<group>"; };
/* End PBXFileReference section */

/* Begin PBXFrameworksBuildPhase section */
		B8408F70301346790014B896 /* Frameworks */ = {
			isa = PBXFrameworksBuildPhase;
			buildActionMask = 2147483647;
			files = (
			);
			runOnlyForDeploymentPostprocessing = 0;
		};
/* End PBXFrameworksBuildPhase section */

/* Begin PBXGroup section */
		B8408F6A301346790014B896 = {
			isa = PBXGroup;
			children = (
				B8408F74301346790014B896 /* Products */,
				B8408FA93019CA6B0014B896 /* USC Football Tracker */,
			);
			sourceTree = "<group>";
		};
		B8408F74301346790014B896 /* Products */ = {
			isa = PBXGroup;
			children = (
				B8408F73301346790014B896 /* USC Football Tracker.app */,
			);
			name = Products;
			sourceTree = "<group>";
		};
		B8408FA93019CA6B0014B896 /* USC Football Tracker */ = {
			isa = PBXGroup;
			children = (
				B8408FDE302170CC0014B896 /* Python Script */,
				B8408FB63019CAE00014B896 /* Views */,
				B8408FB73019CB3A0014B896 /* Models */,
				B8408FA83019CA6B0014B896 /* USC_Football_TrackerApp.swift */,
				B8408FB93019CBF50014B896 /* Resources */,
				B8408FB83019CBCA0014B896 /* Utilities */,
			);
			path = "USC Football Tracker";
			sourceTree = "<group>";
		};
		B8408FB63019CAE00014B896 /* Views */ = {
			isa = PBXGroup;
			children = (
				B840B495305738A600D01B38 /* LandingView.swift */,
				B8408FD3301C78740014B896 /* Predictor */,
				B8408FC9301C1BB50014B896 /* History */,
				B8408FBC301AE6EA0014B896 /* Accolades */,
				B8408FA13019CA6B0014B896 /* ContentView.swift */,
				B8408FA63019CA6B0014B896 /* SeasonView.swift */,
			);
			path = Views;
			sourceTree = "<group>";
		};
		B8408FB73019CB3A0014B896 /* Models */ = {
			isa = PBXGroup;
			children = (
				B8408FA43019CA6B0014B896 /* Season.swift */,
				B8408FA23019CA6B0014B896 /* Player.swift */,
			);
			path = Models;
			sourceTree = "<group>";
		};
		B8408FB83019CBCA0014B896 /* Utilities */ = {
			isa = PBXGroup;
			children = (
				B8408F9F3019CA6B0014B896 /* Bundle-Decodable.swift */,
				B8408FA73019CA6B0014B896 /* Theme-Colors.swift */,
				B840B4A13058F5E800D01B38 /* LiveSeasonService.swift */,
			);
			path = Utilities;
			sourceTree = "<group>";
		};
		B8408FB93019CBF50014B896 /* Resources */ = {
			isa = PBXGroup;
			children = (
				B8408F9E3019CA6B0014B896 /* Assets.xcassets */,
				B8408FE33022B44B0014B896 /* team_ratings.json */,
				B840B49B30575CDA00D01B38 /* players.json */,
				B840B49C30575CDA00D01B38 /* seasons.json */,
			);
			path = Resources;
			sourceTree = "<group>";
		};
		B8408FBC301AE6EA0014B896 /* Accolades */ = {
			isa = PBXGroup;
			children = (
				B8408FC3301AEA060014B896 /* AccoladeDetailView.swift */,
				B8408FBF301AE8E90014B896 /* AccoladeCard.swift */,
				B8408FBD301AE88A0014B896 /* AccoladeCategory.swift */,
				B8408FBA301AE6490014B896 /* AccoladesView.swift */,
				B8408FC1301AE9DC0014B896 /* AccoladeData.swift */,
			);
			path = Accolades;
			sourceTree = "<group>";
		};
		B8408FC9301C1BB50014B896 /* History */ = {
			isa = PBXGroup;
			children = (
				B8408FD0301C243E0014B896 /* AboutView.swift */,
				B8408FCE301C201A0014B896 /* AboutData.swift */,
				B8408FCA301C1BCC0014B896 /* AboutTopic.swift */,
				B8408FCC301C1C640014B896 /* AboutFlipCard.swift */,
			);
			path = History;
			sourceTree = "<group>";
		};
		B8408FD3301C78740014B896 /* Predictor */ = {
			isa = PBXGroup;
			children = (
				B8408FD4301C788A0014B896 /* PredictorView.swift */,
				B8408FD6301D8DC50014B896 /* USC Season Predictor.mlproj */,
				B8408FE130229BF50014B896 /* USC Season Predictor V2.mlmodel */,
			);
			path = Predictor;
			sourceTree = "<group>";
		};
		B8408FDE302170CC0014B896 /* Python Script */ = {
			isa = PBXGroup;
			children = (
				B8408FDF302170DA0014B896 /* fetch_usc_history_8_usage_2021.py */,
				B8408FE53022D85A0014B896 /* build_predictor_dataset.py */,
			);
			path = "Python Script";
			sourceTree = "<group>";
		};
/* End PBXGroup section */

/* Begin PBXNativeTarget section */
		B8408F72301346790014B896 /* USC Football Tracker */ = {
			isa = PBXNativeTarget;
			buildConfigurationList = B8408F7E3013467A0014B896 /* Build configuration list for PBXNativeTarget "USC Football Tracker" */;
			buildPhases = (
				B8408F6F301346790014B896 /* Sources */,
				B8408F70301346790014B896 /* Frameworks */,
				B8408F71301346790014B896 /* Resources */,
			);
			buildRules = (
			);
			dependencies = (
			);
			name = "USC Football Tracker";
			packageProductDependencies = (
			);
			productName = "USC Football Tracker";
			productReference = B8408F73301346790014B896 /* USC Football Tracker.app */;
			productType = "com.apple.product-type.application";
		};
/* End PBXNativeTarget section */

/* Begin PBXProject section */
		B8408F6B301346790014B896 /* Project object */ = {
			isa = PBXProject;
			attributes = {
				BuildIndependentTargetsInParallel = 1;
				LastSwiftUpdateCheck = 2640;
				LastUpgradeCheck = 2640;
				TargetAttributes = {
					B8408F72301346790014B896 = {
						CreatedOnToolsVersion = 26.4;
					};
				};
			};
			buildConfigurationList = B8408F6E301346790014B896 /* Build configuration list for PBXProject "USC Football Tracker" */;
			developmentRegion = en;
			hasScannedForEncodings = 0;
			knownRegions = (
				en,
				Base,
			);
			mainGroup = B8408F6A301346790014B896;
			minimizedProjectReferenceProxies = 1;
			preferredProjectObjectVersion = 77;
			productRefGroup = B8408F74301346790014B896 /* Products */;
			projectDirPath = "";
			projectRoot = "";
			targets = (
				B8408F72301346790014B896 /* USC Football Tracker */,
			);
		};
/* End PBXProject section */

/* Begin PBXResourcesBuildPhase section */
		B8408F71301346790014B896 /* Resources */ = {
			isa = PBXResourcesBuildPhase;
			buildActionMask = 2147483647;
			files = (
				B840B49D30575CDA00D01B38 /* seasons.json in Resources */,
				B840B49E30575CDA00D01B38 /* players.json in Resources */,
				B8408FE43022B44B0014B896 /* team_ratings.json in Resources */,
				B8408FE0302170DA0014B896 /* fetch_usc_history_8_usage_2021.py in Resources */,
				B8408FD7301D8DC50014B896 /* USC Season Predictor.mlproj in Resources */,
				B8408FE63022D85A0014B896 /* build_predictor_dataset.py in Resources */,
				B8408FB53019CA6B0014B896 /* Assets.xcassets in Resources */,
			);
			runOnlyForDeploymentPostprocessing = 0;
		};
/* End PBXResourcesBuildPhase section */

/* Begin PBXSourcesBuildPhase section */
		B8408F6F301346790014B896 /* Sources */ = {
			isa = PBXSourcesBuildPhase;
			buildActionMask = 2147483647;
			files = (
				B8408FAB3019CA6B0014B896 /* Player.swift in Sources */,
				B8408FAC3019CA6B0014B896 /* Season.swift in Sources */,
				B8408FD1301C24450014B896 /* AboutView.swift in Sources */,
				B8408FE230229BF50014B896 /* USC Season Predictor V2.mlmodel in Sources */,
				B840B4A23058F5E800D01B38 /* LiveSeasonService.swift in Sources */,
				B8408FBB301AE64D0014B896 /* AccoladesView.swift in Sources */,
				B840B496305738AB00D01B38 /* LandingView.swift in Sources */,
				B8408FC2301AE9DC0014B896 /* AccoladeData.swift in Sources */,
				B8408FAD3019CA6B0014B896 /* Bundle-Decodable.swift in Sources */,
				B8408FCD301C1C640014B896 /* AboutFlipCard.swift in Sources */,
				B8408FD5301C788A0014B896 /* PredictorView.swift in Sources */,
				B8408FAE3019CA6B0014B896 /* ContentView.swift in Sources */,
				B8408FBE301AE8910014B896 /* AccoladeCategory.swift in Sources */,
				B8408FC0301AE8F20014B896 /* AccoladeCard.swift in Sources */,
				B8408FAF3019CA6B0014B896 /* USC_Football_TrackerApp.swift in Sources */,
				B8408FCB301C1BD60014B896 /* AboutTopic.swift in Sources */,
				B8408FC4301AEA0C0014B896 /* AccoladeDetailView.swift in Sources */,
				B8408FB03019CA6B0014B896 /* SeasonView.swift in Sources */,
				B8408FB13019CA6B0014B896 /* Theme-Colors.swift in Sources */,
				B8408FCF301C201E0014B896 /* AboutData.swift in Sources */,
			);
			runOnlyForDeploymentPostprocessing = 0;
		};
/* End PBXSourcesBuildPhase section */

/* Begin XCBuildConfiguration section */
		B8408F7C3013467A0014B896 /* Debug */ = {
			isa = XCBuildConfiguration;
			buildSettings = {
				ALWAYS_SEARCH_USER_PATHS = NO;
				ASSETCATALOG_COMPILER_GENERATE_SWIFT_ASSET_SYMBOL_EXTENSIONS = YES;
				CLANG_ANALYZER_NONNULL = YES;
				CLANG_ANALYZER_NUMBER_OBJECT_CONVERSION = YES_AGGRESSIVE;
				CLANG_CXX_LANGUAGE_STANDARD = "gnu++20";
				CLANG_ENABLE_MODULES = YES;
				CLANG_ENABLE_OBJC_ARC = YES;
				CLANG_ENABLE_OBJC_WEAK = YES;
				CLANG_WARN_BLOCK_CAPTURE_AUTORELEASING = YES;
				CLANG_WARN_BOOL_CONVERSION = YES;
				CLANG_WARN_COMMA = YES;
				CLANG_WARN_CONSTANT_CONVERSION = YES;
				CLANG_WARN_DEPRECATED_OBJC_IMPLEMENTATIONS = YES;
				CLANG_WARN_DIRECT_OBJC_ISA_USAGE = YES_ERROR;
				CLANG_WARN_DOCUMENTATION_COMMENTS = YES;
				CLANG_WARN_EMPTY_BODY = YES;
				CLANG_WARN_ENUM_CONVERSION = YES;
				CLANG_WARN_INFINITE_RECURSION = YES;
				CLANG_WARN_INT_CONVERSION = YES;
				CLANG_WARN_NON_LITERAL_NULL_CONVERSION = YES;
				CLANG_WARN_OBJC_IMPLICIT_RETAIN_SELF = YES;
				CLANG_WARN_OBJC_LITERAL_CONVERSION = YES;
				CLANG_WARN_OBJC_ROOT_CLASS = YES_ERROR;
				CLANG_WARN_QUOTED_INCLUDE_IN_FRAMEWORK_HEADER = YES;
				CLANG_WARN_RANGE_LOOP_ANALYSIS = YES;
				CLANG_WARN_STRICT_PROTOTYPES = YES;
				CLANG_WARN_SUSPICIOUS_MOVE = YES;
				CLANG_WARN_UNGUARDED_AVAILABILITY = YES_AGGRESSIVE;
				CLANG_WARN_UNREACHABLE_CODE = YES;
				CLANG_WARN__DUPLICATE_METHOD_MATCH = YES;
				COPY_PHASE_STRIP = NO;
				DEBUG_INFORMATION_FORMAT = dwarf;
				ENABLE_STRICT_OBJC_MSGSEND = YES;
				ENABLE_TESTABILITY = YES;
				ENABLE_USER_SCRIPT_SANDBOXING = YES;
				GCC_C_LANGUAGE_STANDARD = gnu17;
				GCC_DYNAMIC_NO_PIC = NO;
				GCC_NO_COMMON_BLOCKS = YES;
				GCC_OPTIMIZATION_LEVEL = 0;
				GCC_PREPROCESSOR_DEFINITIONS = (
					"DEBUG=1",
					"$(inherited)",
				);
				GCC_WARN_64_TO_32_BIT_CONVERSION = YES;
				GCC_WARN_ABOUT_RETURN_TYPE = YES_ERROR;
				GCC_WARN_UNDECLARED_SELECTOR = YES;
				GCC_WARN_UNINITIALIZED_AUTOS = YES_AGGRESSIVE;
				GCC_WARN_UNUSED_FUNCTION = YES;
				GCC_WARN_UNUSED_VARIABLE = YES;
				IPHONEOS_DEPLOYMENT_TARGET = 26.4;
				LOCALIZATION_PREFERS_STRING_CATALOGS = YES;
				MTL_ENABLE_DEBUG_INFO = INCLUDE_SOURCE;
				MTL_FAST_MATH = YES;
				ONLY_ACTIVE_ARCH = YES;
				SDKROOT = iphoneos;
				SWIFT_ACTIVE_COMPILATION_CONDITIONS = "DEBUG $(inherited)";
				SWIFT_OPTIMIZATION_LEVEL = "-Onone";
			};
			name = Debug;
		};
		B8408F7D3013467A0014B896 /* Release */ = {
			isa = XCBuildConfiguration;
			buildSettings = {
				ALWAYS_SEARCH_USER_PATHS = NO;
				ASSETCATALOG_COMPILER_GENERATE_SWIFT_ASSET_SYMBOL_EXTENSIONS = YES;
				CLANG_ANALYZER_NONNULL = YES;
				CLANG_ANALYZER_NUMBER_OBJECT_CONVERSION = YES_AGGRESSIVE;
				CLANG_CXX_LANGUAGE_STANDARD = "gnu++20";
				CLANG_ENABLE_MODULES = YES;
				CLANG_ENABLE_OBJC_ARC = YES;
				CLANG_ENABLE_OBJC_WEAK = YES;
				CLANG_WARN_BLOCK_CAPTURE_AUTORELEASING = YES;
				CLANG_WARN_BOOL_CONVERSION = YES;
				CLANG_WARN_COMMA = YES;
				CLANG_WARN_CONSTANT_CONVERSION = YES;
				CLANG_WARN_DEPRECATED_OBJC_IMPLEMENTATIONS = YES;
				CLANG_WARN_DIRECT_OBJC_ISA_USAGE = YES_ERROR;
				CLANG_WARN_DOCUMENTATION_COMMENTS = YES;
				CLANG_WARN_EMPTY_BODY = YES;
				CLANG_WARN_ENUM_CONVERSION = YES;
				CLANG_WARN_INFINITE_RECURSION = YES;
				CLANG_WARN_INT_CONVERSION = YES;
				CLANG_WARN_NON_LITERAL_NULL_CONVERSION = YES;
				CLANG_WARN_OBJC_IMPLICIT_RETAIN_SELF = YES;
				CLANG_WARN_OBJC_LITERAL_CONVERSION = YES;
				CLANG_WARN_OBJC_ROOT_CLASS = YES_ERROR;
				CLANG_WARN_QUOTED_INCLUDE_IN_FRAMEWORK_HEADER = YES;
				CLANG_WARN_RANGE_LOOP_ANALYSIS = YES;
				CLANG_WARN_STRICT_PROTOTYPES = YES;
				CLANG_WARN_SUSPICIOUS_MOVE = YES;
				CLANG_WARN_UNGUARDED_AVAILABILITY = YES_AGGRESSIVE;
				CLANG_WARN_UNREACHABLE_CODE = YES;
				CLANG_WARN__DUPLICATE_METHOD_MATCH = YES;
				COPY_PHASE_STRIP = NO;
				DEBUG_INFORMATION_FORMAT = "dwarf-with-dsym";
				ENABLE_NS_ASSERTIONS = NO;
				ENABLE_STRICT_OBJC_MSGSEND = YES;
				ENABLE_USER_SCRIPT_SANDBOXING = YES;
				GCC_C_LANGUAGE_STANDARD = gnu17;
				GCC_NO_COMMON_BLOCKS = YES;
				GCC_WARN_64_TO_32_BIT_CONVERSION = YES;
				GCC_WARN_ABOUT_RETURN_TYPE = YES_ERROR;
				GCC_WARN_UNDECLARED_SELECTOR = YES;
				GCC_WARN_UNINITIALIZED_AUTOS = YES_AGGRESSIVE;
				GCC_WARN_UNUSED_FUNCTION = YES;
				GCC_WARN_UNUSED_VARIABLE = YES;
				IPHONEOS_DEPLOYMENT_TARGET = 26.4;
				LOCALIZATION_PREFERS_STRING_CATALOGS = YES;
				MTL_ENABLE_DEBUG_INFO = NO;
				MTL_FAST_MATH = YES;
				SDKROOT = iphoneos;
				SWIFT_COMPILATION_MODE = wholemodule;
				VALIDATE_PRODUCT = YES;
			};
			name = Release;
		};
		B8408F7F3013467A0014B896 /* Debug */ = {
			isa = XCBuildConfiguration;
			buildSettings = {
				ASSETCATALOG_COMPILER_APPICON_NAME = AppIcon;
				ASSETCATALOG_COMPILER_GLOBAL_ACCENT_COLOR_NAME = AccentColor;
				CODE_SIGN_STYLE = Automatic;
				CURRENT_PROJECT_VERSION = 1;
				DEVELOPMENT_TEAM = K5SB687WBG;
				ENABLE_PREVIEWS = YES;
				GENERATE_INFOPLIST_FILE = YES;
				INFOPLIST_KEY_UIApplicationSceneManifest_Generation = YES;
				INFOPLIST_KEY_UIApplicationSupportsIndirectInputEvents = YES;
				INFOPLIST_KEY_UILaunchScreen_Generation = YES;
				INFOPLIST_KEY_UISupportedInterfaceOrientations_iPad = "UIInterfaceOrientationPortrait UIInterfaceOrientationPortraitUpsideDown UIInterfaceOrientationLandscapeLeft UIInterfaceOrientationLandscapeRight";
				INFOPLIST_KEY_UISupportedInterfaceOrientations_iPhone = "UIInterfaceOrientationPortrait UIInterfaceOrientationLandscapeLeft UIInterfaceOrientationLandscapeRight";
				LD_RUNPATH_SEARCH_PATHS = (
					"$(inherited)",
					"@executable_path/Frameworks",
				);
				MARKETING_VERSION = 1.1;
				PRODUCT_BUNDLE_IDENTIFIER = "i.USC-Football-Tracker";
				PRODUCT_NAME = "$(TARGET_NAME)";
				STRING_CATALOG_GENERATE_SYMBOLS = YES;
				SUPPORTED_PLATFORMS = "iphoneos iphonesimulator";
				SUPPORTS_MACCATALYST = NO;
				SUPPORTS_MAC_DESIGNED_FOR_IPHONE_IPAD = NO;
				SUPPORTS_XR_DESIGNED_FOR_IPHONE_IPAD = NO;
				SWIFT_APPROACHABLE_CONCURRENCY = YES;
				SWIFT_DEFAULT_ACTOR_ISOLATION = MainActor;
				SWIFT_EMIT_LOC_STRINGS = YES;
				SWIFT_UPCOMING_FEATURE_MEMBER_IMPORT_VISIBILITY = YES;
				SWIFT_VERSION = 5.0;
				TARGETED_DEVICE_FAMILY = 1;
			};
			name = Debug;
		};
		B8408F803013467A0014B896 /* Release */ = {
			isa = XCBuildConfiguration;
			buildSettings = {
				ASSETCATALOG_COMPILER_APPICON_NAME = AppIcon;
				ASSETCATALOG_COMPILER_GLOBAL_ACCENT_COLOR_NAME = AccentColor;
				CODE_SIGN_STYLE = Automatic;
				CURRENT_PROJECT_VERSION = 1;
				DEVELOPMENT_TEAM = K5SB687WBG;
				ENABLE_PREVIEWS = YES;
				GENERATE_INFOPLIST_FILE = YES;
				INFOPLIST_KEY_UIApplicationSceneManifest_Generation = YES;
				INFOPLIST_KEY_UIApplicationSupportsIndirectInputEvents = YES;
				INFOPLIST_KEY_UILaunchScreen_Generation = YES;
				INFOPLIST_KEY_UISupportedInterfaceOrientations_iPad = "UIInterfaceOrientationPortrait UIInterfaceOrientationPortraitUpsideDown UIInterfaceOrientationLandscapeLeft UIInterfaceOrientationLandscapeRight";
				INFOPLIST_KEY_UISupportedInterfaceOrientations_iPhone = "UIInterfaceOrientationPortrait UIInterfaceOrientationLandscapeLeft UIInterfaceOrientationLandscapeRight";
				LD_RUNPATH_SEARCH_PATHS = (
					"$(inherited)",
					"@executable_path/Frameworks",
				);
				MARKETING_VERSION = 1.1;
				PRODUCT_BUNDLE_IDENTIFIER = "i.USC-Football-Tracker";
				PRODUCT_NAME = "$(TARGET_NAME)";
				STRING_CATALOG_GENERATE_SYMBOLS = YES;
				SUPPORTED_PLATFORMS = "iphoneos iphonesimulator";
				SUPPORTS_MACCATALYST = NO;
				SUPPORTS_MAC_DESIGNED_FOR_IPHONE_IPAD = NO;
				SUPPORTS_XR_DESIGNED_FOR_IPHONE_IPAD = NO;
				SWIFT_APPROACHABLE_CONCURRENCY = YES;
				SWIFT_DEFAULT_ACTOR_ISOLATION = MainActor;
				SWIFT_EMIT_LOC_STRINGS = YES;
				SWIFT_UPCOMING_FEATURE_MEMBER_IMPORT_VISIBILITY = YES;
				SWIFT_VERSION = 5.0;
				TARGETED_DEVICE_FAMILY = 1;
			};
			name = Release;
		};
/* End XCBuildConfiguration section */

/* Begin XCConfigurationList section */
		B8408F6E301346790014B896 /* Build configuration list for PBXProject "USC Football Tracker" */ = {
			isa = XCConfigurationList;
			buildConfigurations = (
				B8408F7C3013467A0014B896 /* Debug */,
				B8408F7D3013467A0014B896 /* Release */,
			);
			defaultConfigurationIsVisible = 0;
			defaultConfigurationName = Release;
		};
		B8408F7E3013467A0014B896 /* Build configuration list for PBXNativeTarget "USC Football Tracker" */ = {
			isa = XCConfigurationList;
			buildConfigurations = (
				B8408F7F3013467A0014B896 /* Debug */,
				B8408F803013467A0014B896 /* Release */,
			);
			defaultConfigurationIsVisible = 0;
			defaultConfigurationName = Release;
		};
/* End XCConfigurationList section */
	};
	rootObject = B8408F6B301346790014B896 /* Project object */;
}
